# THIS IS AN AUTOGENERATED FILE. DO NOT EDIT THIS FILE DIRECTLY.
# yarn lockfile v1


circomlib@^2.0.3:
  version "2.0.3"
  resolved "https://registry.yarnpkg.com/circomlib/-/circomlib-2.0.3.tgz#88816e22f269ba491f47c825a2e238d14fd0e877"
  integrity sha512-OeG1YBcqS8mnsOI1WAZePbyAVBMf398sSQfXetpPAb2HC0+1r9Q6kN/qQaHkJZ77BZmXn5dUqQTa5g6d5BDS3Q==
